<Solution>
  <Folder Name="/src/">
    <Project Path="src/symphony-test-1.AppHost/symphony-test-1.AppHost.csproj" />
    <Project Path="src/symphony-test-1.Api/symphony-test-1.Api.csproj" />
    <Project Path="src/symphony-test-1.ClientServiceDefaults/symphony-test-1.ClientServiceDefaults.csproj" />
    <Project Path="src/symphony-test-1.DatabaseMigrations/symphony-test-1.DatabaseMigrations.csproj" />
    <Project Path="src/symphony-test-1.OpenFgaProvisioning/symphony-test-1.OpenFgaProvisioning.csproj" />
    <Project Path="src/symphony-test-1.Gateway/symphony-test-1.Gateway.csproj" />
    <Project Path="src/symphony-test-1.ServiceDefaults/symphony-test-1.ServiceDefaults.csproj" />
    <Project Path="src/symphony-test-1.Web/symphony-test-1.Web.csproj" />
  </Folder>
  <Folder Name="/tests/" />
  <Folder Name="/tests/acceptance/">
    <Project Path="tests/acceptance/symphony-test-1.AcceptanceTests/symphony-test-1.AcceptanceTests.csproj" />
  </Folder>
  <Folder Name="/tests/e2e/">
    <Project Path="tests/e2e/symphony-test-1.E2ETests/symphony-test-1.E2ETests.csproj" />
  </Folder>
  <Folder Name="/tests/integration/">
    <Project Path="tests/integration/symphony-test-1.IntegrationTests/symphony-test-1.IntegrationTests.csproj" />
  </Folder>
  <Folder Name="/tests/unit/">
    <Project Path="tests/unit/symphony-test-1.UnitTests/symphony-test-1.UnitTests.csproj" />
  </Folder>
  <Folder Name="/tests/ui/">
    <Project Path="tests/ui/symphony-test-1.WebTests/symphony-test-1.WebTests.csproj" />
  </Folder>
  <Folder Name="/tools/">
    <Project Path="tools/SymphonyTest1.Analyzers/SymphonyTest1.Analyzers.csproj" />
  </Folder>
</Solution>
